
Microsoft Visual Studio Solution File, Format Version 12.00
# Visual Studio Version 16
VisualStudioVersion = 16.0.30523.141
MinimumVisualStudioVersion = 10.0.40219.1
Project("{FAE04EC0-301F-11D3-BF4B-00C04F79EFBC}") = "BaoCao", "BaoCao\BaoCao.csproj", "{23474C6D-FA5F-4A56-A6AF-03E21B9B8DD5}"
EndProject
Global
	GlobalSection(SolutionConfigurationPlatforms) = preSolution
		Debug|Any CPU = Debug|Any CPU
		Release|Any CPU = Release|Any CPU
	EndGlobalSection
	GlobalSection(ProjectConfigurationPlatforms) = postSolution
		{23474C6D-FA5F-4A56-A6AF-03E21B9B8DD5}.Debug|Any CPU.ActiveCfg = Debug|Any CPU
		{23474C6D-FA5F-4A56-A6AF-03E21B9B8DD5}.Debug|Any CPU.Build.0 = Debug|Any CPU
		{23474C6D-FA5F-4A56-A6AF-03E21B9B8DD5}.Release|Any CPU.ActiveCfg = Release|Any CPU
		{23474C6D-FA5F-4A56-A6AF-03E21B9B8DD5}.Release|Any CPU.Build.0 = Release|Any CPU
	EndGlobalSection
	GlobalSection(SolutionProperties) = preSolution
		HideSolutionNode = FALSE
	EndGlobalSection
	GlobalSection(ExtensibilityGlobals) = postSolution
		SolutionGuid = {9053C6F5-8A52-404B-92EC-D4F15BA23093}
	EndGlobalSection
EndGlobal
